# @generated by Move, please check-in and do not edit manually.

[move]
version = 3
manifest_digest = "78CDAE05D8007B9A06AA7A7E77FCAFF0DB000106C247E999E81279C4B50A0B83"
deps_digest = "F8BBB0CCB2491CA29A3DF03D6F92277A4F3574266507ACD77214D37ECA3F3082"
dependencies = [
  { id = "Sui", name = "Sui" },
]

[[move.package]]
id = "MoveStdlib"
source = { git = "https://github.com/MystenLabs/sui.git", rev = "framework/testnet", subdir = "crates/sui-framework/packages/move-stdlib" }

[[move.package]]
id = "Sui"
source = { git = "https://github.com/MystenLabs/sui.git", rev = "framework/testnet", subdir = "crates/sui-framework/packages/sui-framework" }

dependencies = [
  { id = "MoveStdlib", name = "MoveStdlib" },
]

[move.toolchain-version]
compiler-version = "1.37.1"
edition = "2024.beta"
flavor = "sui"

[env]

[env.devnet]
chain-id = "54f83c42"
original-published-id = "0x9ceb7c34a3f8f82238c8bc5f042eba72e48ef4ac6caed72b92563c3a9f9f799b"
latest-published-id = "0x9ceb7c34a3f8f82238c8bc5f042eba72e48ef4ac6caed72b92563c3a9f9f799b"
published-version = "1"

[env.testnet]
chain-id = "4c78adac"
original-published-id = "0x21940049afb68ecf7076d95f024613ef776a5a6a585549b25dc79783408fb1d3"
latest-published-id = "0x21940049afb68ecf7076d95f024613ef776a5a6a585549b25dc79783408fb1d3"
published-version = "1"
